// !$*UTF8*$!
{
	archiveVersion = 1;
	classes = {
	};
	objectVersion = 56;
	objects = {

/* Begin PBXBuildFile section */
		630D94EA2AB48D36005F9814 /* AppDelegate.swift in Sources */ = {isa = PBXBuildFile; fileRef = 630D94E92AB48D36005F9814 /* AppDelegate.swift */; };
		630D94EC2AB48D36005F9814 /* SceneDelegate.swift in Sources */ = {isa = PBXBuildFile; fileRef = 630D94EB2AB48D36005F9814 /* SceneDelegate.swift */; };
		630D94EE2AB48D36005F9814 /* ViewController.swift in Sources */ = {isa = PBXBuildFile; fileRef = 630D94ED2AB48D36005F9814 /* ViewController.swift */; };
		630D94F32AB48D38005F9814 /* Assets.xcassets in Resources */ = {isa = PBXBuildFile; fileRef = 630D94F22AB48D38005F9814 /* Assets.xcassets */; };
		630D94F62AB48D38005F9814 /* LaunchScreen.storyboard in Resources */ = {isa = PBXBuildFile; fileRef = 630D94F42AB48D38005F9814 /* LaunchScreen.storyboard */; };
		630D95012AB48D38005F9814 /* weatherProjectTests.swift in Sources */ = {isa = PBXBuildFile; fileRef = 630D95002AB48D38005F9814 /* weatherProjectTests.swift */; };
		630D950B2AB48D38005F9814 /* weatherProjectUITests.swift in Sources */ = {isa = PBXBuildFile; fileRef = 630D950A2AB48D38005F9814 /* weatherProjectUITests.swift */; };
		630D950D2AB48D38005F9814 /* weatherProjectUITestsLaunchTests.swift in Sources */ = {isa = PBXBuildFile; fileRef = 630D950C2AB48D38005F9814 /* weatherProjectUITestsLaunchTests.swift */; };
		6344AC6C2AB7065F009E41A3 /* Alamofire in Frameworks */ = {isa = PBXBuildFile; productRef = 6344AC6B2AB7065F009E41A3 /* Alamofire */; };
		6344AC6E2AB7069A009E41A3 /* WeatherStruct.swift in Sources */ = {isa = PBXBuildFile; fileRef = 6344AC6D2AB7069A009E41A3 /* WeatherStruct.swift */; };
		6344AC712AB7077E009E41A3 /* SnapKit in Frameworks */ = {isa = PBXBuildFile; productRef = 6344AC702AB7077E009E41A3 /* SnapKit */; };
/* End PBXBuildFile section */

/* Begin PBXContainerItemProxy section */
		630D94FD2AB48D38005F9814 /* PBXContainerItemProxy */ = {
			isa = PBXContainerItemProxy;
			containerPortal = 630D94DE2AB48D36005F9814 /* Project object */;
			proxyType = 1;
			remoteGlobalIDString = 630D94E52AB48D36005F9814;
			remoteInfo = weatherProject;
		};
		630D95072AB48D38005F9814 /* PBXContainerItemProxy */ = {
			isa = PBXContainerItemProxy;
			containerPortal = 630D94DE2AB48D36005F9814 /* Project object */;
			proxyType = 1;
			remoteGlobalIDString = 630D94E52AB48D36005F9814;
			remoteInfo = weatherProject;
		};
/* End PBXContainerItemProxy section */

/* Begin PBXFileReference section */
		630D94E62AB48D36005F9814 /* weatherProject.app */ = {isa = PBXFileReference; explicitFileType = wrapper.application; includeInIndex = 0; path = weatherProject.app; sourceTree = BUILT_PRODUCTS_DIR; };
		630D94E92AB48D36005F9814 /* AppDelegate.swift */ = {isa = PBXFileReference; lastKnownFileType = sourcecode.swift; path = AppDelegate.swift; sourceTree = "<group>"; };
		630D94EB2AB48D36005F9814 /* SceneDelegate.swift */ = {isa = PBXFileReference; lastKnownFileType = sourcecode.swift; path = SceneDelegate.swift; sourceTree = "<group>"; };
		630D94ED2AB48D36005F9814 /* ViewController.swift */ = {isa = PBXFileReference; lastKnownFileType = sourcecode.swift; path = ViewController.swift; sourceTree = "<group>"; };
		630D94F22AB48D38005F9814 /* Assets.xcassets */ = {isa = PBXFileReference; lastKnownFileType = folder.assetcatalog; path = Assets.xcassets; sourceTree = "<group>"; };
		630D94F52AB48D38005F9814 /* Base */ = {isa = PBXFileReference; lastKnownFileType = file.storyboard; name = Base; path = Base.lproj/LaunchScreen.storyboard; sourceTree = "<group>"; };
		630D94F72AB48D38005F9814 /* Info.plist */ = {isa = PBXFileReference; lastKnownFileType = text.plist.xml; path = Info.plist; sourceTree = "<group>"; };
		630D94FC2AB48D38005F9814 /* weatherProjectTests.xctest */ = {isa = PBXFileReference; explicitFileType = wrapper.cfbundle; includeInIndex = 0; path = weatherProjectTests.xctest; sourceTree = BUILT_PRODUCTS_DIR; };
		630D95002AB48D38005F9814 /* weatherProjectTests.swift */ = {isa = PBXFileReference; lastKnownFileType = sourcecode.swift; path = weatherProjectTests.swift; sourceTree = "<group>"; };
		630D95062AB48D38005F9814 /* weatherProjectUITests.xctest */ = {isa = PBXFileReference; explicitFileType = wrapper.cfbundle; includeInIndex = 0; path = weatherProjectUITests.xctest; sourceTree = BUILT_PRODUCTS_DIR; };
		630D950A2AB48D38005F9814 /* weatherProjectUITests.swift */ = {isa = PBXFileReference; lastKnownFileType = sourcecode.swift; path = weatherProjectUITests.swift; sourceTree = "<group>"; };
		630D950C2AB48D38005F9814 /* weatherProjectUITestsLaunchTests.swift */ = {isa = PBXFileReference; lastKnownFileType = sourcecode.swift; path = weatherProjectUITestsLaunchTests.swift; sourceTree = "<group>"; };
		6344AC6D2AB7069A009E41A3 /* WeatherStruct.swift */ = {isa = PBXFileReference; lastKnownFileType = sourcecode.swift; path = WeatherStruct.swift; sourceTree = "<group>"; };
/* End PBXFileReference section */

/* Begin PBXFrameworksBuildPhase section */
		630D94E32AB48D36005F9814 /* Frameworks */ = {
			isa = PBXFrameworksBuildPhase;
			buildActionMask = 2147483647;
			files = (
				6344AC6C2AB7065F009E41A3 /* Alamofire in Frameworks */,
				6344AC712AB7077E009E41A3 /* SnapKit in Frameworks */,
			);
			runOnlyForDeploymentPostprocessing = 0;
		};
		630D94F92AB48D38005F9814 /* Frameworks */ = {
			isa = PBXFrameworksBuildPhase;
			buildActionMask = 2147483647;
			files = (
			);
			runOnlyForDeploymentPostprocessing = 0;
		};
		630D95032AB48D38005F9814 /* Frameworks */ = {
			isa = PBXFrameworksBuildPhase;
			buildActionMask = 2147483647;
			files = (
			);
			runOnlyForDeploymentPostprocessing = 0;
		};
/* End PBXFrameworksBuildPhase section */

/* Begin PBXGroup section */
		630D94DD2AB48D36005F9814 = {
			isa = PBXGroup;
			children = (
				630D94E82AB48D36005F9814 /* weatherProject */,
				630D94FF2AB48D38005F9814 /* weatherProjectTests */,
				630D95092AB48D38005F9814 /* weatherProjectUITests */,
				630D94E72AB48D36005F9814 /* Products */,
			);
			sourceTree = "<group>";
		};
		630D94E72AB48D36005F9814 /* Products */ = {
			isa = PBXGroup;
			children = (
				630D94E62AB48D36005F9814 /* weatherProject.app */,
				630D94FC2AB48D38005F9814 /* weatherProjectTests.xctest */,
				630D95062AB48D38005F9814 /* weatherProjectUITests.xctest */,
			);
			name = Products;
			sourceTree = "<group>";
		};
		630D94E82AB48D36005F9814 /* weatherProject */ = {
			isa = PBXGroup;
			children = (
				630D94E92AB48D36005F9814 /* AppDelegate.swift */,
				630D94EB2AB48D36005F9814 /* SceneDelegate.swift */,
				630D94ED2AB48D36005F9814 /* ViewController.swift */,
				6344AC6D2AB7069A009E41A3 /* WeatherStruct.swift */,
				630D94F22AB48D38005F9814 /* Assets.xcassets */,
				630D94F42AB48D38005F9814 /* LaunchScreen.storyboard */,
				630D94F72AB48D38005F9814 /* Info.plist */,
			);
			path = weatherProject;
			sourceTree = "<group>";
		};
		630D94FF2AB48D38005F9814 /* weatherProjectTests */ = {
			isa = PBXGroup;
			children = (
				630D95002AB48D38005F9814 /* weatherProjectTests.swift */,
			);
			path = weatherProjectTests;
			sourceTree = "<group>";
		};
		630D95092AB48D38005F9814 /* weatherProjectUITests */ = {
			isa = PBXGroup;
			children = (
				630D950A2AB48D38005F9814 /* weatherProjectUITests.swift */,
				630D950C2AB48D38005F9814 /* weatherProjectUITestsLaunchTests.swift */,
			);
			path = weatherProjectUITests;
			sourceTree = "<group>";
		};
/* End PBXGroup section */

/* Begin PBXNativeTarget section */
		630D94E52AB48D36005F9814 /* weatherProject */ = {
			isa = PBXNativeTarget;
			buildConfigurationList = 630D95102AB48D38005F9814 /* Build configuration list for PBXNativeTarget "weatherProject" */;
			buildPhases = (
				630D94E22AB48D36005F9814 /* Sources */,
				630D94E32AB48D36005F9814 /* Frameworks */,
				630D94E42AB48D36005F9814 /* Resources */,
			);
			buildRules = (
			);
			dependencies = (
			);
			name = weatherProject;
			packageProductDependencies = (
				6344AC6B2AB7065F009E41A3 /* Alamofire */,
				6344AC702AB7077E009E41A3 /* SnapKit */,
			);
			productName = weatherProject;
			productReference = 630D94E62AB48D36005F9814 /* weatherProject.app */;
			productType = "com.apple.product-type.application";
		};
		630D94FB2AB48D38005F9814 /* weatherProjectTests */ = {
			isa = PBXNativeTarget;
			buildConfigurationList = 630D95132AB48D38005F9814 /* Build configuration list for PBXNativeTarget "weatherProjectTests" */;
			buildPhases = (
				630D94F82AB48D38005F9814 /* Sources */,
				630D94F92AB48D38005F9814 /* Frameworks */,
				630D94FA2AB48D38005F9814 /* Resources */,
			);
			buildRules = (
			);
			dependencies = (
				630D94FE2AB48D38005F9814 /* PBXTargetDependency */,
			);
			name = weatherProjectTests;
			productName = weatherProjectTests;
			productReference = 630D94FC2AB48D38005F9814 /* weatherProjectTests.xctest */;
			productType = "com.apple.product-type.bundle.unit-test";
		};
		630D95052AB48D38005F9814 /* weatherProjectUITests */ = {
			isa = PBXNativeTarget;
			buildConfigurationList = 630D95162AB48D38005F9814 /* Build configuration list for PBXNativeTarget "weatherProjectUITests" */;
			buildPhases = (
				630D95022AB48D38005F9814 /* Sources */,
				630D95032AB48D38005F9814 /* Frameworks */,
				630D95042AB48D38005F9814 /* Resources */,
			);
			buildRules = (
			);
			dependencies = (
				630D95082AB48D38005F9814 /* PBXTargetDependency */,
			);
			name = weatherProjectUITests;
			productName = weatherProjectUITests;
			productReference = 630D95062AB48D38005F9814 /* weatherProjectUITests.xctest */;
			productType = "com.apple.product-type.bundle.ui-testing";
		};
/* End PBXNativeTarget section */

/* Begin PBXProject section */
		630D94DE2AB48D36005F9814 /* Project object */ = {
			isa = PBXProject;
			attributes = {
				BuildIndependentTargetsInParallel = 1;
				LastSwiftUpdateCheck = 1430;
				LastUpgradeCheck = 1430;
				TargetAttributes = {
					630D94E52AB48D36005F9814 = {
						CreatedOnToolsVersion = 14.3.1;
					};
					630D94FB2AB48D38005F9814 = {
						CreatedOnToolsVersion = 14.3.1;
						TestTargetID = 630D94E52AB48D36005F9814;
					};
					630D95052AB48D38005F9814 = {
						CreatedOnToolsVersion = 14.3.1;
						TestTargetID = 630D94E52AB48D36005F9814;
					};
				};
			};
			buildConfigurationList = 630D94E12AB48D36005F9814 /* Build configuration list for PBXProject "weatherProject" */;
			compatibilityVersion = "Xcode 14.0";
			developmentRegion = en;
			hasScannedForEncodings = 0;
			knownRegions = (
				en,
				Base,
			);
			mainGroup = 630D94DD2AB48D36005F9814;
			packageReferences = (
				6344AC6A2AB7065F009E41A3 /* XCRemoteSwiftPackageReference "Alamofire" */,
				6344AC6F2AB7077E009E41A3 /* XCRemoteSwiftPackageReference "SnapKit" */,
			);
			productRefGroup = 630D94E72AB48D36005F9814 /* Products */;
			projectDirPath = "";
			projectRoot = "";
			targets = (
				630D94E52AB48D36005F9814 /* weatherProject */,
				630D94FB2AB48D38005F9814 /* weatherProjectTests */,
				630D95052AB48D38005F9814 /* weatherProjectUITests */,
			);
		};
/* End PBXProject section */

/* Begin PBXResourcesBuildPhase section */
		630D94E42AB48D36005F9814 /* Resources */ = {
			isa = PBXResourcesBuildPhase;
			buildActionMask = 2147483647;
			files = (
				630D94F62AB48D38005F9814 /* LaunchScreen.storyboard in Resources */,
				630D94F32AB48D38005F9814 /* Assets.xcassets in Resources */,
			);
			runOnlyForDeploymentPostprocessing = 0;
		};
		630D94FA2AB48D38005F9814 /* Resources */ = {
			isa = PBXResourcesBuildPhase;
			buildActionMask = 2147483647;
			files = (
			);
			runOnlyForDeploymentPostprocessing = 0;
		};
		630D95042AB48D38005F9814 /* Resources */ = {
			isa = PBXResourcesBuildPhase;
			buildActionMask = 2147483647;
			files = (
			);
			runOnlyForDeploymentPostprocessing = 0;
		};
/* End PBXResourcesBuildPhase section */

/* Begin PBXSourcesBuildPhase section */
		630D94E22AB48D36005F9814 /* Sources */ = {
			isa = PBXSourcesBuildPhase;
			buildActionMask = 2147483647;
			files = (
				630D94EE2AB48D36005F9814 /* ViewController.swift in Sources */,
				630D94EA2AB48D36005F9814 /* AppDelegate.swift in Sources */,
				630D94EC2AB48D36005F9814 /* SceneDelegate.swift in Sources */,
				6344AC6E2AB7069A009E41A3 /* WeatherStruct.swift in Sources */,
			);
			runOnlyForDeploymentPostprocessing = 0;
		};
		630D94F82AB48D38005F9814 /* Sources */ = {
			isa = PBXSourcesBuildPhase;
			buildActionMask = 2147483647;
			files = (
				630D95012AB48D38005F9814 /* weatherProjectTests.swift in Sources */,
			);
			runOnlyForDeploymentPostprocessing = 0;
		};
		630D95022AB48D38005F9814 /* Sources */ = {
			isa = PBXSourcesBuildPhase;
			buildActionMask = 2147483647;
			files = (
				630D950B2AB48D38005F9814 /* weatherProjectUITests.swift in Sources */,
				630D950D2AB48D38005F9814 /* weatherProjectUITestsLaunchTests.swift in Sources */,
			);
			runOnlyForDeploymentPostprocessing = 0;
		};
/* End PBXSourcesBuildPhase section */

/* Begin PBXTargetDependency section */
		630D94FE2AB48D38005F9814 /* PBXTargetDependency */ = {
			isa = PBXTargetDependency;
			target = 630D94E52AB48D36005F9814 /* weatherProject */;
			targetProxy = 630D94FD2AB48D38005F9814 /* PBXContainerItemProxy */;
		};
		630D95082AB48D38005F9814 /* PBXTargetDependency */ = {
			isa = PBXTargetDependency;
			target = 630D94E52AB48D36005F9814 /* weatherProject */;
			targetProxy = 630D95072AB48D38005F9814 /* PBXContainerItemProxy */;
		};
/* End PBXTargetDependency section */

/* Begin PBXVariantGroup section */
		630D94F42AB48D38005F9814 /* LaunchScreen.storyboard */ = {
			isa = PBXVariantGroup;
			children = (
				630D94F52AB48D38005F9814 /* Base */,
			);
			name = LaunchScreen.storyboard;
			sourceTree = "<group>";
		};
/* End PBXVariantGroup section */

/* Begin XCBuildConfiguration section */
		630D950E2AB48D38005F9814 /* Debug */ = {
			isa = XCBuildConfiguration;
			buildSettings = {
				ALWAYS_SEARCH_USER_PATHS = NO;
				CLANG_ANALYZER_NONNULL = YES;
				CLANG_ANALYZER_NUMBER_OBJECT_CONVERSION = YES_AGGRESSIVE;
				CLANG_CXX_LANGUAGE_STANDARD = "gnu++20";
				CLANG_ENABLE_MODULES = YES;
				CLANG_ENABLE_OBJC_ARC = YES;
				CLANG_ENABLE_OBJC_WEAK = YES;
				CLANG_WARN_BLOCK_CAPTURE_AUTORELEASING = YES;
				CLANG_WARN_BOOL_CONVERSION = YES;
				CLANG_WARN_COMMA = YES;
				CLANG_WARN_CONSTANT_CONVERSION = YES;
				CLANG_WARN_DEPRECATED_OBJC_IMPLEMENTATIONS = YES;
				CLANG_WARN_DIRECT_OBJC_ISA_USAGE = YES_ERROR;
				CLANG_WARN_DOCUMENTATION_COMMENTS = YES;
				CLANG_WARN_EMPTY_BODY = YES;
				CLANG_WARN_ENUM_CONVERSION = YES;
				CLANG_WARN_INFINITE_RECURSION = YES;
				CLANG_WARN_INT_CONVERSION = YES;
				CLANG_WARN_NON_LITERAL_NULL_CONVERSION = YES;
				CLANG_WARN_OBJC_IMPLICIT_RETAIN_SELF = YES;
				CLANG_WARN_OBJC_LITERAL_CONVERSION = YES;
				CLANG_WARN_OBJC_ROOT_CLASS = YES_ERROR;
				CLANG_WARN_QUOTED_INCLUDE_IN_FRAMEWORK_HEADER = YES;
				CLANG_WARN_RANGE_LOOP_ANALYSIS = YES;
				CLANG_WARN_STRICT_PROTOTYPES = YES;
				CLANG_WARN_SUSPICIOUS_MOVE = YES;
				CLANG_WARN_UNGUARDED_AVAILABILITY = YES_AGGRESSIVE;
				CLANG_WARN_UNREACHABLE_CODE = YES;
				CLANG_WARN__DUPLICATE_METHOD_MATCH = YES;
				COPY_PHASE_STRIP = NO;
				DEBUG_INFORMATION_FORMAT = dwarf;
				ENABLE_STRICT_OBJC_MSGSEND = YES;
				ENABLE_TESTABILITY = YES;
				GCC_C_LANGUAGE_STANDARD = gnu11;
				GCC_DYNAMIC_NO_PIC = NO;
				GCC_NO_COMMON_BLOCKS = YES;
				GCC_OPTIMIZATION_LEVEL = 0;
				GCC_PREPROCESSOR_DEFINITIONS = (
					"DEBUG=1",
					"$(inherited)",
				);
				GCC_WARN_64_TO_32_BIT_CONVERSION = YES;
				GCC_WARN_ABOUT_RETURN_TYPE = YES_ERROR;
				GCC_WARN_UNDECLARED_SELECTOR = YES;
				GCC_WARN_UNINITIALIZED_AUTOS = YES_AGGRESSIVE;
				GCC_WARN_UNUSED_FUNCTION = YES;
				GCC_WARN_UNUSED_VARIABLE = YES;
				IPHONEOS_DEPLOYMENT_TARGET = 16.4;
				MTL_ENABLE_DEBUG_INFO = INCLUDE_SOURCE;
				MTL_FAST_MATH = YES;
				ONLY_ACTIVE_ARCH = YES;
				SDKROOT = iphoneos;
				SWIFT_ACTIVE_COMPILATION_CONDITIONS = DEBUG;
				SWIFT_OPTIMIZATION_LEVEL = "-Onone";
			};
			name = Debug;
		};
		630D950F2AB48D38005F9814 /* Release */ = {
			isa = XCBuildConfiguration;
			buildSettings = {
				ALWAYS_SEARCH_USER_PATHS = NO;
				CLANG_ANALYZER_NONNULL = YES;
				CLANG_ANALYZER_NUMBER_OBJECT_CONVERSION = YES_AGGRESSIVE;
				CLANG_CXX_LANGUAGE_STANDARD = "gnu++20";
				CLANG_ENABLE_MODULES = YES;
				CLANG_ENABLE_OBJC_ARC = YES;
				CLANG_ENABLE_OBJC_WEAK = YES;
				CLANG_WARN_BLOCK_CAPTURE_AUTORELEASING = YES;
				CLANG_WARN_BOOL_CONVERSION = YES;
				CLANG_WARN_COMMA = YES;
				CLANG_WARN_CONSTANT_CONVERSION = YES;
				CLANG_WARN_DEPRECATED_OBJC_IMPLEMENTATIONS = YES;
				CLANG_WARN_DIRECT_OBJC_ISA_USAGE = YES_ERROR;
				CLANG_WARN_DOCUMENTATION_COMMENTS = YES;
				CLANG_WARN_EMPTY_BODY = YES;
				CLANG_WARN_ENUM_CONVERSION = YES;
				CLANG_WARN_INFINITE_RECURSION = YES;
				CLANG_WARN_INT_CONVERSION = YES;
				CLANG_WARN_NON_LITERAL_NULL_CONVERSION = YES;
				CLANG_WARN_OBJC_IMPLICIT_RETAIN_SELF = YES;
				CLANG_WARN_OBJC_LITERAL_CONVERSION = YES;
				CLANG_WARN_OBJC_ROOT_CLASS = YES_ERROR;
				CLANG_WARN_QUOTED_INCLUDE_IN_FRAMEWORK_HEADER = YES;
				CLANG_WARN_RANGE_LOOP_ANALYSIS = YES;
				CLANG_WARN_STRICT_PROTOTYPES = YES;
				CLANG_WARN_SUSPICIOUS_MOVE = YES;
				CLANG_WARN_UNGUARDED_AVAILABILITY = YES_AGGRESSIVE;
				CLANG_WARN_UNREACHABLE_CODE = YES;
				CLANG_WARN__DUPLICATE_METHOD_MATCH = YES;
				COPY_PHASE_STRIP = NO;
				DEBUG_INFORMATION_FORMAT = "dwarf-with-dsym";
				ENABLE_NS_ASSERTIONS = NO;
				ENABLE_STRICT_OBJC_MSGSEND = YES;
				GCC_C_LANGUAGE_STANDARD = gnu11;
				GCC_NO_COMMON_BLOCKS = YES;
				GCC_WARN_64_TO_32_BIT_CONVERSION = YES;
				GCC_WARN_ABOUT_RETURN_TYPE = YES_ERROR;
				GCC_WARN_UNDECLARED_SELECTOR = YES;
				GCC_WARN_UNINITIALIZED_AUTOS = YES_AGGRESSIVE;
				GCC_WARN_UNUSED_FUNCTION = YES;
				GCC_WARN_UNUSED_VARIABLE = YES;
				IPHONEOS_DEPLOYMENT_TARGET = 16.4;
				MTL_ENABLE_DEBUG_INFO = NO;
				MTL_FAST_MATH = YES;
				SDKROOT = iphoneos;
				SWIFT_COMPILATION_MODE = wholemodule;
				SWIFT_OPTIMIZATION_LEVEL = "-O";
				VALIDATE_PRODUCT = YES;
			};
			name = Release;
		};
		630D95112AB48D38005F9814 /* Debug */ = {
			isa = XCBuildConfiguration;
			buildSettings = {
				ASSETCATALOG_COMPILER_APPICON_NAME = AppIcon;
				ASSETCATALOG_COMPILER_GLOBAL_ACCENT_COLOR_NAME = AccentColor;
				CODE_SIGN_STYLE = Automatic;
				CURRENT_PROJECT_VERSION = 1;
				GENERATE_INFOPLIST_FILE = YES;
				INFOPLIST_FILE = weatherProject/Info.plist;
				INFOPLIST_KEY_UIApplicationSupportsIndirectInputEvents = YES;
				INFOPLIST_KEY_UILaunchStoryboardName = LaunchScreen;
				INFOPLIST_KEY_UISupportedInterfaceOrientations_iPad = "UIInterfaceOrientationPortrait UIInterfaceOrientationPortraitUpsideDown UIInterfaceOrientationLandscapeLeft UIInterfaceOrientationLandscapeRight";
				INFOPLIST_KEY_UISupportedInterfaceOrientations_iPhone = "UIInterfaceOrientationPortrait UIInterfaceOrientationLandscapeLeft UIInterfaceOrientationLandscapeRight";
				LD_RUNPATH_SEARCH_PATHS = (
					"$(inherited)",
					"@executable_path/Frameworks",
				);
				MARKETING_VERSION = 1.0;
				PRODUCT_BUNDLE_IDENTIFIER = justcode.weatherProject;
				PRODUCT_NAME = "$(TARGET_NAME)";
				SWIFT_EMIT_LOC_STRINGS = YES;
				SWIFT_VERSION = 5.0;
				TARGETED_DEVICE_FAMILY = "1,2";
			};
			name = Debug;
		};
		630D95122AB48D38005F9814 /* Release */ = {
			isa = XCBuildConfiguration;
			buildSettings = {
				ASSETCATALOG_COMPILER_APPICON_NAME = AppIcon;
				ASSETCATALOG_COMPILER_GLOBAL_ACCENT_COLOR_NAME = AccentColor;
				CODE_SIGN_STYLE = Automatic;
				CURRENT_PROJECT_VERSION = 1;
				GENERATE_INFOPLIST_FILE = YES;
				INFOPLIST_FILE = weatherProject/Info.plist;
				INFOPLIST_KEY_UIApplicationSupportsIndirectInputEvents = YES;
				INFOPLIST_KEY_UILaunchStoryboardName = LaunchScreen;
				INFOPLIST_KEY_UISupportedInterfaceOrientations_iPad = "UIInterfaceOrientationPortrait UIInterfaceOrientationPortraitUpsideDown UIInterfaceOrientationLandscapeLeft UIInterfaceOrientationLandscapeRight";
				INFOPLIST_KEY_UISupportedInterfaceOrientations_iPhone = "UIInterfaceOrientationPortrait UIInterfaceOrientationLandscapeLeft UIInterfaceOrientationLandscapeRight";
				LD_RUNPATH_SEARCH_PATHS = (
					"$(inherited)",
					"@executable_path/Frameworks",
				);
				MARKETING_VERSION = 1.0;
				PRODUCT_BUNDLE_IDENTIFIER = justcode.weatherProject;
				PRODUCT_NAME = "$(TARGET_NAME)";
				SWIFT_EMIT_LOC_STRINGS = YES;
				SWIFT_VERSION = 5.0;
				TARGETED_DEVICE_FAMILY = "1,2";
			};
			name = Release;
		};
		630D95142AB48D38005F9814 /* Debug */ = {
			isa = XCBuildConfiguration;
			buildSettings = {
				ALWAYS_EMBED_SWIFT_STANDARD_LIBRARIES = YES;
				BUNDLE_LOADER = "$(TEST_HOST)";
				CODE_SIGN_STYLE = Automatic;
				CURRENT_PROJECT_VERSION = 1;
				GENERATE_INFOPLIST_FILE = YES;
				IPHONEOS_DEPLOYMENT_TARGET = 16.4;
				MARKETING_VERSION = 1.0;
				PRODUCT_BUNDLE_IDENTIFIER = justcode.weatherProjectTests;
				PRODUCT_NAME = "$(TARGET_NAME)";
				SWIFT_EMIT_LOC_STRINGS = NO;
				SWIFT_VERSION = 5.0;
				TARGETED_DEVICE_FAMILY = "1,2";
				TEST_HOST = "$(BUILT_PRODUCTS_DIR)/weatherProject.app/$(BUNDLE_EXECUTABLE_FOLDER_PATH)/weatherProject";
			};
			name = Debug;
		};
		630D95152AB48D38005F9814 /* Release */ = {
			isa = XCBuildConfiguration;
			buildSettings = {
				ALWAYS_EMBED_SWIFT_STANDARD_LIBRARIES = YES;
				BUNDLE_LOADER = "$(TEST_HOST)";
				CODE_SIGN_STYLE = Automatic;
				CURRENT_PROJECT_VERSION = 1;
				GENERATE_INFOPLIST_FILE = YES;
				IPHONEOS_DEPLOYMENT_TARGET = 16.4;
				MARKETING_VERSION = 1.0;
				PRODUCT_BUNDLE_IDENTIFIER = justcode.weatherProjectTests;
				PRODUCT_NAME = "$(TARGET_NAME)";
				SWIFT_EMIT_LOC_STRINGS = NO;
				SWIFT_VERSION = 5.0;
				TARGETED_DEVICE_FAMILY = "1,2";
				TEST_HOST = "$(BUILT_PRODUCTS_DIR)/weatherProject.app/$(BUNDLE_EXECUTABLE_FOLDER_PATH)/weatherProject";
			};
			name = Release;
		};
		630D95172AB48D38005F9814 /* Debug */ = {
			isa = XCBuildConfiguration;
			buildSettings = {
				ALWAYS_EMBED_SWIFT_STANDARD_LIBRARIES = YES;
				CODE_SIGN_STYLE = Automatic;
				CURRENT_PROJECT_VERSION = 1;
				GENERATE_INFOPLIST_FILE = YES;
				MARKETING_VERSION = 1.0;
				PRODUCT_BUNDLE_IDENTIFIER = justcode.weatherProjectUITests;
				PRODUCT_NAME = "$(TARGET_NAME)";
				SWIFT_EMIT_LOC_STRINGS = NO;
				SWIFT_VERSION = 5.0;
				TARGETED_DEVICE_FAMILY = "1,2";
				TEST_TARGET_NAME = weatherProject;
			};
			name = Debug;
		};
		630D95182AB48D38005F9814 /* Release */ = {
			isa = XCBuildConfiguration;
			buildSettings = {
				ALWAYS_EMBED_SWIFT_STANDARD_LIBRARIES = YES;
				CODE_SIGN_STYLE = Automatic;
				CURRENT_PROJECT_VERSION = 1;
				GENERATE_INFOPLIST_FILE = YES;
				MARKETING_VERSION = 1.0;
				PRODUCT_BUNDLE_IDENTIFIER = justcode.weatherProjectUITests;
				PRODUCT_NAME = "$(TARGET_NAME)";
				SWIFT_EMIT_LOC_STRINGS = NO;
				SWIFT_VERSION = 5.0;
				TARGETED_DEVICE_FAMILY = "1,2";
				TEST_TARGET_NAME = weatherProject;
			};
			name = Release;
		};
/* End XCBuildConfiguration section */

/* Begin XCConfigurationList section */
		630D94E12AB48D36005F9814 /* Build configuration list for PBXProject "weatherProject" */ = {
			isa = XCConfigurationList;
			buildConfigurations = (
				630D950E2AB48D38005F9814 /* Debug */,
				630D950F2AB48D38005F9814 /* Release */,
			);
			defaultConfigurationIsVisible = 0;
			defaultConfigurationName = Release;
		};
		630D95102AB48D38005F9814 /* Build configuration list for PBXNativeTarget "weatherProject" */ = {
			isa = XCConfigurationList;
			buildConfigurations = (
				630D95112AB48D38005F9814 /* Debug */,
				630D95122AB48D38005F9814 /* Release */,
			);
			defaultConfigurationIsVisible = 0;
			defaultConfigurationName = Release;
		};
		630D95132AB48D38005F9814 /* Build configuration list for PBXNativeTarget "weatherProjectTests" */ = {
			isa = XCConfigurationList;
			buildConfigurations = (
				630D95142AB48D38005F9814 /* Debug */,
				630D95152AB48D38005F9814 /* Release */,
			);
			defaultConfigurationIsVisible = 0;
			defaultConfigurationName = Release;
		};
		630D95162AB48D38005F9814 /* Build configuration list for PBXNativeTarget "weatherProjectUITests" */ = {
			isa = XCConfigurationList;
			buildConfigurations = (
				630D95172AB48D38005F9814 /* Debug */,
				630D95182AB48D38005F9814 /* Release */,
			);
			defaultConfigurationIsVisible = 0;
			defaultConfigurationName = Release;
		};
/* End XCConfigurationList section */

/* Begin XCRemoteSwiftPackageReference section */
		6344AC6A2AB7065F009E41A3 /* XCRemoteSwiftPackageReference "Alamofire" */ = {
			isa = XCRemoteSwiftPackageReference;
			repositoryURL = "https://github.com/Alamofire/Alamofire";
			requirement = {
				kind = upToNextMajorVersion;
				minimumVersion = 5.0.0;
			};
		};
		6344AC6F2AB7077E009E41A3 /* XCRemoteSwiftPackageReference "SnapKit" */ = {
			isa = XCRemoteSwiftPackageReference;
			repositoryURL = "https://github.com/SnapKit/SnapKit.git";
			requirement = {
				kind = upToNextMajorVersion;
				minimumVersion = 5.0.0;
			};
		};
/* End XCRemoteSwiftPackageReference section */

/* Begin XCSwiftPackageProductDependency section */
		6344AC6B2AB7065F009E41A3 /* Alamofire */ = {
			isa = XCSwiftPackageProductDependency;
			package = 6344AC6A2AB7065F009E41A3 /* XCRemoteSwiftPackageReference "Alamofire" */;
			productName = Alamofire;
		};
		6344AC702AB7077E009E41A3 /* SnapKit */ = {
			isa = XCSwiftPackageProductDependency;
			package = 6344AC6F2AB7077E009E41A3 /* XCRemoteSwiftPackageReference "SnapKit" */;
			productName = SnapKit;
		};
/* End XCSwiftPackageProductDependency section */
	};
	rootObject = 630D94DE2AB48D36005F9814 /* Project object */;
}
